
Microsoft Visual Studio Solution File, Format Version 12.00
# Visual Studio 15
VisualStudioVersion = 15.0.27428.2037
MinimumVisualStudioVersion = 10.0.40219.1
Project("{FAE04EC0-301F-11D3-BF4B-00C04F79EFBC}") = "Kiran_1", "Kiran_1\Kiran_1.csproj", "{6E1DFB0F-3009-41D1-8AA1-D444177D3B1A}"
EndProject
Global
	GlobalSection(SolutionConfigurationPlatforms) = preSolution
		Debug|Any CPU = Debug|Any CPU
		Release|Any CPU = Release|Any CPU
	EndGlobalSection
	GlobalSection(ProjectConfigurationPlatforms) = postSolution
		{6E1DFB0F-3009-41D1-8AA1-D444177D3B1A}.Debug|Any CPU.ActiveCfg = Debug|Any CPU
		{6E1DFB0F-3009-41D1-8AA1-D444177D3B1A}.Debug|Any CPU.Build.0 = Debug|Any CPU
		{6E1DFB0F-3009-41D1-8AA1-D444177D3B1A}.Release|Any CPU.ActiveCfg = Release|Any CPU
		{6E1DFB0F-3009-41D1-8AA1-D444177D3B1A}.Release|Any CPU.Build.0 = Release|Any CPU
	EndGlobalSection
	GlobalSection(SolutionProperties) = preSolution
		HideSolutionNode = FALSE
	EndGlobalSection
	GlobalSection(ExtensibilityGlobals) = postSolution
		SolutionGuid = {3CB56D36-960A-4A66-AA2B-5A07725A8779}
	EndGlobalSection
EndGlobal
